
Microsoft Visual Studio Solution File, Format Version 12.00
# Visual Studio Version 17
VisualStudioVersion = 17.5.002.0
MinimumVisualStudioVersion = 10.0.40219.1
Project("{9A19103F-16F7-4668-BE54-9A1E7A4F7556}") = "lesson2", "Task1\lesson2.csproj", "{067F125E-6A36-4504-824B-8FA310635467}"
EndProject
Global
	GlobalSection(SolutionConfigurationPlatforms) = preSolution
		Debug|Any CPU = Debug|Any CPU
		Release|Any CPU = Release|Any CPU
	EndGlobalSection
	GlobalSection(ProjectConfigurationPlatforms) = postSolution
		{067F125E-6A36-4504-824B-8FA310635467}.Debug|Any CPU.ActiveCfg = Debug|Any CPU
		{067F125E-6A36-4504-824B-8FA310635467}.Debug|Any CPU.Build.0 = Debug|Any CPU
		{067F125E-6A36-4504-824B-8FA310635467}.Release|Any CPU.ActiveCfg = Release|Any CPU
		{067F125E-6A36-4504-824B-8FA310635467}.Release|Any CPU.Build.0 = Release|Any CPU
	EndGlobalSection
	GlobalSection(SolutionProperties) = preSolution
		HideSolutionNode = FALSE
	EndGlobalSection
	GlobalSection(ExtensibilityGlobals) = postSolution
		SolutionGuid = {9417FEC0-6AB6-46E5-AD57-40AB8EF8B99F}
	EndGlobalSection
EndGlobal
